{
  "name": "mew",
  "lockfileVersion": 2,
  "requires": true,
  "packages": {
    "": {
      "dependencies": {
        "@fullcalendar/core": "^6.0.1",
        "@fullcalendar/daygrid": "^6.0.1",
        "fullcalendar": "^6.0.1"
      }
    },
    "node_modules/@fullcalendar/core": {
      "version": "6.0.1",
      "resolved": "https://registry.npmjs.org/@fullcalendar/core/-/core-6.0.1.tgz",
      "integrity": "sha512-JMBRbWrez8hKhS1wvqAW3TBSo58/xRmDHUu07x/lywdct4gD7Z9QphC/VDNqbRQpTknHHmOjMqSmauEwQ6wbaA==",
      "dependencies": {
        "preact": "^10.0.5"
      }
    },
    "node_modules/@fullcalendar/daygrid": {
      "version": "6.0.1",
      "resolved": "https://registry.npmjs.org/@fullcalendar/daygrid/-/daygrid-6.0.1.tgz",
      "integrity": "sha512-QKbZZhJ2LCvHjc0E7bbos5kGRZJ024i0JliTr2H+0zgaSORHp4kzbk+w+XJpRc2v/DbGKMrlFSDVLKNE99BLSQ==",
      "peerDependencies": {
        "@fullcalendar/core": "~6.0.1"
      }
    },
    "node_modules/@fullcalendar/interaction": {
      "version": "6.0.1",
      "resolved": "https://registry.npmjs.org/@fullcalendar/interaction/-/interaction-6.0.1.tgz",
      "integrity": "sha512-LdIaBaW5vAVGxXleBuHSQnk6O41DjiPsqomCUKQo6jboZvzWZnqS1xnpspeFjunDoYxBldr4nmTxbYFfxU88Iw==",
      "peerDependencies": {
        "@fullcalendar/core": "~6.0.1"
      }
    },
    "node_modules/@fullcalendar/list": {
      "version": "6.0.1",
      "resolved": "https://registry.npmjs.org/@fullcalendar/list/-/list-6.0.1.tgz",
      "integrity": "sha512-7+hFIZ92MJGeDIWLvjWhmrr8gseRUfwo8bKhBFA2CnTJGy99Q3STF9F2eyxQ46h6LcRPJr7uaNkWZbqZQv1TvQ==",
      "peerDependencies": {
        "@fullcalendar/core": "~6.0.1"
      }
    },
    "node_modules/@fullcalendar/timegrid": {
      "version": "6.0.1",
      "resolved": "https://registry.npmjs.org/@fullcalendar/timegrid/-/timegrid-6.0.1.tgz",
      "integrity": "sha512-1yGy79z1riIIe1j/uyAZ1GaY++4K/QHb/Je6Shm0r45DCMgpeabahMOR0HywKqzzBAMmgJdko2vKWoPnueNyEw==",
      "dependencies": {
        "@fullcalendar/daygrid": "~6.0.1"
      },
      "peerDependencies": {
        "@fullcalendar/core": "~6.0.1"
      }
    },
    "node_modules/fullcalendar": {
      "version": "6.0.1",
      "resolved": "https://registry.npmjs.org/fullcalendar/-/fullcalendar-6.0.1.tgz",
      "integrity": "sha512-5rILt2MUMm2ECHusLuBQIq3FdDyeWVL4wRRhLj3NXnMIzbGzzh9dJCvSLal48yEJR3ksUTYE4KYt1R4ZWy8tgQ==",
      "dependencies": {
        "@fullcalendar/core": "~6.0.1",
        "@fullcalendar/daygrid": "~6.0.1",
        "@fullcalendar/interaction": "~6.0.1",
        "@fullcalendar/list": "~6.0.1",
        "@fullcalendar/timegrid": "~6.0.1"
      }
    },
    "node_modules/preact": {
      "version": "10.11.3",
      "resolved": "https://registry.npmjs.org/preact/-/preact-10.11.3.tgz",
      "integrity": "sha512-eY93IVpod/zG3uMF22Unl8h9KkrcKIRs2EGar8hwLZZDU1lkjph303V9HZBwufh2s736U6VXuhD109LYqPoffg==",
      "funding": {
        "type": "opencollective",
        "url": "https://opencollective.com/preact"
      }
    }
  },
  "dependencies": {
    "@fullcalendar/core": {
      "version": "6.0.1",
      "resolved": "https://registry.npmjs.org/@fullcalendar/core/-/core-6.0.1.tgz",
      "integrity": "sha512-JMBRbWrez8hKhS1wvqAW3TBSo58/xRmDHUu07x/lywdct4gD7Z9QphC/VDNqbRQpTknHHmOjMqSmauEwQ6wbaA==",
      "requires": {
        "preact": "^10.0.5"
      }
    },
    "@fullcalendar/daygrid": {
      "version": "6.0.1",
      "resolved": "https://registry.npmjs.org/@fullcalendar/daygrid/-/daygrid-6.0.1.tgz",
      "integrity": "sha512-QKbZZhJ2LCvHjc0E7bbos5kGRZJ024i0JliTr2H+0zgaSORHp4kzbk+w+XJpRc2v/DbGKMrlFSDVLKNE99BLSQ==",
      "requires": {}
    },
    "@fullcalendar/interaction": {
      "version": "6.0.1",
      "resolved": "https://registry.npmjs.org/@fullcalendar/interaction/-/interaction-6.0.1.tgz",
      "integrity": "sha512-LdIaBaW5vAVGxXleBuHSQnk6O41DjiPsqomCUKQo6jboZvzWZnqS1xnpspeFjunDoYxBldr4nmTxbYFfxU88Iw==",
      "requires": {}
    },
    "@fullcalendar/list": {
      "version": "6.0.1",
      "resolved": "https://registry.npmjs.org/@fullcalendar/list/-/list-6.0.1.tgz",
      "integrity": "sha512-7+hFIZ92MJGeDIWLvjWhmrr8gseRUfwo8bKhBFA2CnTJGy99Q3STF9F2eyxQ46h6LcRPJr7uaNkWZbqZQv1TvQ==",
      "requires": {}
    },
    "@fullcalendar/timegrid": {
      "version": "6.0.1",
      "resolved": "https://registry.npmjs.org/@fullcalendar/timegrid/-/timegrid-6.0.1.tgz",
      "integrity": "sha512-1yGy79z1riIIe1j/uyAZ1GaY++4K/QHb/Je6Shm0r45DCMgpeabahMOR0HywKqzzBAMmgJdko2vKWoPnueNyEw==",
      "requires": {
        "@fullcalendar/daygrid": "~6.0.1"
      }
    },
    "fullcalendar": {
      "version": "6.0.1",
      "resolved": "https://registry.npmjs.org/fullcalendar/-/fullcalendar-6.0.1.tgz",
      "integrity": "sha512-5rILt2MUMm2ECHusLuBQIq3FdDyeWVL4wRRhLj3NXnMIzbGzzh9dJCvSLal48yEJR3ksUTYE4KYt1R4ZWy8tgQ==",
      "requires": {
        "@fullcalendar/core": "~6.0.1",
        "@fullcalendar/daygrid": "~6.0.1",
        "@fullcalendar/interaction": "~6.0.1",
        "@fullcalendar/list": "~6.0.1",
        "@fullcalendar/timegrid": "~6.0.1"
      }
    },
    "preact": {
      "version": "10.11.3",
      "resolved": "https://registry.npmjs.org/preact/-/preact-10.11.3.tgz",
      "integrity": "sha512-eY93IVpod/zG3uMF22Unl8h9KkrcKIRs2EGar8hwLZZDU1lkjph303V9HZBwufh2s736U6VXuhD109LYqPoffg=="
    }
  }
}
